// !$*UTF8*$!
{
	archiveVersion = 1;
	classes = {
	};
	objectVersion = 50;
	objects = {

/* Begin PBXBuildFile section */
		4114395C254691EA002ED3CE /* QueryParameters.swift in Sources */ = {isa = PBXBuildFile; fileRef = 4114395B254691EA002ED3CE /* QueryParameters.swift */; };
		4114395E25469CAA002ED3CE /* APIEndPoints.swift in Sources */ = {isa = PBXBuildFile; fileRef = 4114395D25469CAA002ED3CE /* APIEndPoints.swift */; };
		41615A43254575C800FE9E0D /* Screen Shot 2020-10-25 at 2.27.50 PM.png in Resources */ = {isa = PBXBuildFile; fileRef = 41615A41254575C700FE9E0D /* Screen Shot 2020-10-25 at 2.27.50 PM.png */; };
		41615A44254575C800FE9E0D /* Screen Shot 2020-10-25 at 2.27.08 PM.png in Resources */ = {isa = PBXBuildFile; fileRef = 41615A42254575C800FE9E0D /* Screen Shot 2020-10-25 at 2.27.08 PM.png */; };
		41615A462545824F00FE9E0D /* QuizPageViewControllerCell.swift in Sources */ = {isa = PBXBuildFile; fileRef = 41615A452545824F00FE9E0D /* QuizPageViewControllerCell.swift */; };
		4172945C252B8E24004715F6 /* OpenTriviaResponse.swift in Sources */ = {isa = PBXBuildFile; fileRef = 4172945A252B8E24004715F6 /* OpenTriviaResponse.swift */; };
		417B6D382546E5AC009F40ED /* StartPageViewController.swift in Sources */ = {isa = PBXBuildFile; fileRef = 417B6D372546E5AC009F40ED /* StartPageViewController.swift */; };
		41817574254341A100484B13 /* Result.swift in Sources */ = {isa = PBXBuildFile; fileRef = 4181756C254341A100484B13 /* Result.swift */; };
		41817575254341A100484B13 /* APIError.swift in Sources */ = {isa = PBXBuildFile; fileRef = 4181756E254341A100484B13 /* APIError.swift */; };
		41817576254341A100484B13 /* APIClient.swift in Sources */ = {isa = PBXBuildFile; fileRef = 41817570254341A100484B13 /* APIClient.swift */; };
		41817577254341A100484B13 /* API.swift in Sources */ = {isa = PBXBuildFile; fileRef = 41817572254341A100484B13 /* API.swift */; };
		41817578254341A100484B13 /* Endpoint.swift in Sources */ = {isa = PBXBuildFile; fileRef = 41817573254341A100484B13 /* Endpoint.swift */; };
		4181757A2543457900484B13 /* NetworkManagerClass.swift in Sources */ = {isa = PBXBuildFile; fileRef = 418175792543457900484B13 /* NetworkManagerClass.swift */; };
		4181757C25434C4900484B13 /* QuizBloc.swift in Sources */ = {isa = PBXBuildFile; fileRef = 4181757B25434C4900484B13 /* QuizBloc.swift */; };
		41869EBA254B341B00217034 /* OpenTriviaCategoryResponse.swift in Sources */ = {isa = PBXBuildFile; fileRef = 41869EB9254B341B00217034 /* OpenTriviaCategoryResponse.swift */; };
		41869EBC254B379D00217034 /* QuizCategoryCollectionViewCell.swift in Sources */ = {isa = PBXBuildFile; fileRef = 41869EBB254B379D00217034 /* QuizCategoryCollectionViewCell.swift */; };
		41869EC0254B381600217034 /* QuizCategoryViewController.swift in Sources */ = {isa = PBXBuildFile; fileRef = 41869EBF254B381600217034 /* QuizCategoryViewController.swift */; };
		41BF680F25444EE500F338FB /* QuizPageViewController.swift in Sources */ = {isa = PBXBuildFile; fileRef = 41BF680E25444EE500F338FB /* QuizPageViewController.swift */; };
		41CB3C4F2529C8CE007E4A4B /* AppDelegate.swift in Sources */ = {isa = PBXBuildFile; fileRef = 41CB3C4E2529C8CE007E4A4B /* AppDelegate.swift */; };
		41CB3C512529C8CE007E4A4B /* SceneDelegate.swift in Sources */ = {isa = PBXBuildFile; fileRef = 41CB3C502529C8CE007E4A4B /* SceneDelegate.swift */; };
		41CB3C532529C8CE007E4A4B /* QuizViewController.swift in Sources */ = {isa = PBXBuildFile; fileRef = 41CB3C522529C8CE007E4A4B /* QuizViewController.swift */; };
		41CB3C562529C8CE007E4A4B /* Main.storyboard in Resources */ = {isa = PBXBuildFile; fileRef = 41CB3C542529C8CE007E4A4B /* Main.storyboard */; };
		41CB3C582529C8D2007E4A4B /* Assets.xcassets in Resources */ = {isa = PBXBuildFile; fileRef = 41CB3C572529C8D2007E4A4B /* Assets.xcassets */; };
		41CB3C5B2529C8D2007E4A4B /* LaunchScreen.storyboard in Resources */ = {isa = PBXBuildFile; fileRef = 41CB3C592529C8D2007E4A4B /* LaunchScreen.storyboard */; };
		41F1318425507D8100261F9F /* startquiz_page1.png in Resources */ = {isa = PBXBuildFile; fileRef = 41F1318325507D8100261F9F /* startquiz_page1.png */; };
		41F1318625507D9F00261F9F /* quizcategory_page2.png in Resources */ = {isa = PBXBuildFile; fileRef = 41F1318525507D9E00261F9F /* quizcategory_page2.png */; };
		41F1318825507DB300261F9F /* quizview_page3.png in Resources */ = {isa = PBXBuildFile; fileRef = 41F1318725507DB300261F9F /* quizview_page3.png */; };
/* End PBXBuildFile section */

/* Begin PBXFileReference section */
		4114395B254691EA002ED3CE /* QueryParameters.swift */ = {isa = PBXFileReference; lastKnownFileType = sourcecode.swift; path = QueryParameters.swift; sourceTree = "<group>"; };
		4114395D25469CAA002ED3CE /* APIEndPoints.swift */ = {isa = PBXFileReference; lastKnownFileType = sourcecode.swift; path = APIEndPoints.swift; sourceTree = "<group>"; };
		41615A41254575C700FE9E0D /* Screen Shot 2020-10-25 at 2.27.50 PM.png */ = {isa = PBXFileReference; lastKnownFileType = image.png; path = "Screen Shot 2020-10-25 at 2.27.50 PM.png"; sourceTree = "<group>"; };
		41615A42254575C800FE9E0D /* Screen Shot 2020-10-25 at 2.27.08 PM.png */ = {isa = PBXFileReference; lastKnownFileType = image.png; path = "Screen Shot 2020-10-25 at 2.27.08 PM.png"; sourceTree = "<group>"; };
		41615A452545824F00FE9E0D /* QuizPageViewControllerCell.swift */ = {isa = PBXFileReference; lastKnownFileType = sourcecode.swift; path = QuizPageViewControllerCell.swift; sourceTree = "<group>"; };
		4172945A252B8E24004715F6 /* OpenTriviaResponse.swift */ = {isa = PBXFileReference; fileEncoding = 4; lastKnownFileType = sourcecode.swift; path = OpenTriviaResponse.swift; sourceTree = "<group>"; };
		417B6D372546E5AC009F40ED /* StartPageViewController.swift */ = {isa = PBXFileReference; lastKnownFileType = sourcecode.swift; path = StartPageViewController.swift; sourceTree = "<group>"; };
		4181756C254341A100484B13 /* Result.swift */ = {isa = PBXFileReference; fileEncoding = 4; lastKnownFileType = sourcecode.swift; path = Result.swift; sourceTree = "<group>"; };
		4181756E254341A100484B13 /* APIError.swift */ = {isa = PBXFileReference; fileEncoding = 4; lastKnownFileType = sourcecode.swift; path = APIError.swift; sourceTree = "<group>"; };
		41817570254341A100484B13 /* APIClient.swift */ = {isa = PBXFileReference; fileEncoding = 4; lastKnownFileType = sourcecode.swift; path = APIClient.swift; sourceTree = "<group>"; };
		41817572254341A100484B13 /* API.swift */ = {isa = PBXFileReference; fileEncoding = 4; lastKnownFileType = sourcecode.swift; path = API.swift; sourceTree = "<group>"; };
		41817573254341A100484B13 /* Endpoint.swift */ = {isa = PBXFileReference; fileEncoding = 4; lastKnownFileType = sourcecode.swift; path = Endpoint.swift; sourceTree = "<group>"; };
		418175792543457900484B13 /* NetworkManagerClass.swift */ = {isa = PBXFileReference; lastKnownFileType = sourcecode.swift; path = NetworkManagerClass.swift; sourceTree = "<group>"; };
		4181757B25434C4900484B13 /* QuizBloc.swift */ = {isa = PBXFileReference; lastKnownFileType = sourcecode.swift; path = QuizBloc.swift; sourceTree = "<group>"; };
		41869EB9254B341B00217034 /* OpenTriviaCategoryResponse.swift */ = {isa = PBXFileReference; lastKnownFileType = sourcecode.swift; path = OpenTriviaCategoryResponse.swift; sourceTree = "<group>"; };
		41869EBB254B379D00217034 /* QuizCategoryCollectionViewCell.swift */ = {isa = PBXFileReference; lastKnownFileType = sourcecode.swift; path = QuizCategoryCollectionViewCell.swift; sourceTree = "<group>"; };
		41869EBF254B381600217034 /* QuizCategoryViewController.swift */ = {isa = PBXFileReference; lastKnownFileType = sourcecode.swift; path = QuizCategoryViewController.swift; sourceTree = "<group>"; };
		41BF680E25444EE500F338FB /* QuizPageViewController.swift */ = {isa = PBXFileReference; lastKnownFileType = sourcecode.swift; path = QuizPageViewController.swift; sourceTree = "<group>"; };
		41CB3C4B2529C8CD007E4A4B /* quizik.app */ = {isa = PBXFileReference; explicitFileType = wrapper.application; includeInIndex = 0; path = quizik.app; sourceTree = BUILT_PRODUCTS_DIR; };
		41CB3C4E2529C8CE007E4A4B /* AppDelegate.swift */ = {isa = PBXFileReference; lastKnownFileType = sourcecode.swift; path = AppDelegate.swift; sourceTree = "<group>"; };
		41CB3C502529C8CE007E4A4B /* SceneDelegate.swift */ = {isa = PBXFileReference; lastKnownFileType = sourcecode.swift; path = SceneDelegate.swift; sourceTree = "<group>"; };
		41CB3C522529C8CE007E4A4B /* QuizViewController.swift */ = {isa = PBXFileReference; lastKnownFileType = sourcecode.swift; path = QuizViewController.swift; sourceTree = "<group>"; };
		41CB3C552529C8CE007E4A4B /* Base */ = {isa = PBXFileReference; lastKnownFileType = file.storyboard; name = Base; path = Base.lproj/Main.storyboard; sourceTree = "<group>"; };
		41CB3C572529C8D2007E4A4B /* Assets.xcassets */ = {isa = PBXFileReference; lastKnownFileType = folder.assetcatalog; path = Assets.xcassets; sourceTree = "<group>"; };
		41CB3C5A2529C8D2007E4A4B /* Base */ = {isa = PBXFileReference; lastKnownFileType = file.storyboard; name = Base; path = Base.lproj/LaunchScreen.storyboard; sourceTree = "<group>"; };
		41CB3C5C2529C8D2007E4A4B /* Info.plist */ = {isa = PBXFileReference; lastKnownFileType = text.plist.xml; path = Info.plist; sourceTree = "<group>"; };
		41F1318325507D8100261F9F /* startquiz_page1.png */ = {isa = PBXFileReference; lastKnownFileType = image.png; path = startquiz_page1.png; sourceTree = "<group>"; };
		41F1318525507D9E00261F9F /* quizcategory_page2.png */ = {isa = PBXFileReference; lastKnownFileType = image.png; path = quizcategory_page2.png; sourceTree = "<group>"; };
		41F1318725507DB300261F9F /* quizview_page3.png */ = {isa = PBXFileReference; lastKnownFileType = image.png; path = quizview_page3.png; sourceTree = "<group>"; };
/* End PBXFileReference section */

/* Begin PBXFrameworksBuildPhase section */
		41CB3C482529C8CD007E4A4B /* Frameworks */ = {
			isa = PBXFrameworksBuildPhase;
			buildActionMask = 2147483647;
			files = (
			);
			runOnlyForDeploymentPostprocessing = 0;
		};
/* End PBXFrameworksBuildPhase section */

/* Begin PBXGroup section */
		41615A40254570D800FE9E0D /* App Screenshots */ = {
			isa = PBXGroup;
			children = (
				41F1318325507D8100261F9F /* startquiz_page1.png */,
				41F1318525507D9E00261F9F /* quizcategory_page2.png */,
				41F1318725507DB300261F9F /* quizview_page3.png */,
				41615A42254575C800FE9E0D /* Screen Shot 2020-10-25 at 2.27.08 PM.png */,
				41615A41254575C700FE9E0D /* Screen Shot 2020-10-25 at 2.27.50 PM.png */,
			);
			path = "App Screenshots";
			sourceTree = "<group>";
		};
		4181756A254341A100484B13 /* Networking */ = {
			isa = PBXGroup;
			children = (
				4181756B254341A100484B13 /* Response */,
				4181756D254341A100484B13 /* ErrorHandling */,
				4181756F254341A100484B13 /* Manager */,
				41817571254341A100484B13 /* Request */,
			);
			path = Networking;
			sourceTree = "<group>";
		};
		4181756B254341A100484B13 /* Response */ = {
			isa = PBXGroup;
			children = (
				4181756C254341A100484B13 /* Result.swift */,
			);
			path = Response;
			sourceTree = "<group>";
		};
		4181756D254341A100484B13 /* ErrorHandling */ = {
			isa = PBXGroup;
			children = (
				4181756E254341A100484B13 /* APIError.swift */,
			);
			path = ErrorHandling;
			sourceTree = "<group>";
		};
		4181756F254341A100484B13 /* Manager */ = {
			isa = PBXGroup;
			children = (
				41817570254341A100484B13 /* APIClient.swift */,
			);
			path = Manager;
			sourceTree = "<group>";
		};
		41817571254341A100484B13 /* Request */ = {
			isa = PBXGroup;
			children = (
				41817572254341A100484B13 /* API.swift */,
				41817573254341A100484B13 /* Endpoint.swift */,
			);
			path = Request;
			sourceTree = "<group>";
		};
		41CB3C422529C8CD007E4A4B = {
			isa = PBXGroup;
			children = (
				41615A40254570D800FE9E0D /* App Screenshots */,
				41CB3C4D2529C8CD007E4A4B /* quizik */,
				41CB3C4C2529C8CD007E4A4B /* Products */,
			);
			sourceTree = "<group>";
		};
		41CB3C4C2529C8CD007E4A4B /* Products */ = {
			isa = PBXGroup;
			children = (
				41CB3C4B2529C8CD007E4A4B /* quizik.app */,
			);
			name = Products;
			sourceTree = "<group>";
		};
		41CB3C4D2529C8CD007E4A4B /* quizik */ = {
			isa = PBXGroup;
			children = (
				4181756A254341A100484B13 /* Networking */,
				41CB3C4E2529C8CE007E4A4B /* AppDelegate.swift */,
				41CB3C502529C8CE007E4A4B /* SceneDelegate.swift */,
				41CB3C522529C8CE007E4A4B /* QuizViewController.swift */,
				41CB3C542529C8CE007E4A4B /* Main.storyboard */,
				41CB3C572529C8D2007E4A4B /* Assets.xcassets */,
				41CB3C592529C8D2007E4A4B /* LaunchScreen.storyboard */,
				4172945A252B8E24004715F6 /* OpenTriviaResponse.swift */,
				41CB3C5C2529C8D2007E4A4B /* Info.plist */,
				418175792543457900484B13 /* NetworkManagerClass.swift */,
				4181757B25434C4900484B13 /* QuizBloc.swift */,
				41BF680E25444EE500F338FB /* QuizPageViewController.swift */,
				41615A452545824F00FE9E0D /* QuizPageViewControllerCell.swift */,
				4114395B254691EA002ED3CE /* QueryParameters.swift */,
				4114395D25469CAA002ED3CE /* APIEndPoints.swift */,
				417B6D372546E5AC009F40ED /* StartPageViewController.swift */,
				41869EB9254B341B00217034 /* OpenTriviaCategoryResponse.swift */,
				41869EBB254B379D00217034 /* QuizCategoryCollectionViewCell.swift */,
				41869EBF254B381600217034 /* QuizCategoryViewController.swift */,
			);
			path = quizik;
			sourceTree = "<group>";
		};
/* End PBXGroup section */

/* Begin PBXNativeTarget section */
		41CB3C4A2529C8CD007E4A4B /* quizik */ = {
			isa = PBXNativeTarget;
			buildConfigurationList = 41CB3C5F2529C8D2007E4A4B /* Build configuration list for PBXNativeTarget "quizik" */;
			buildPhases = (
				41CB3C472529C8CD007E4A4B /* Sources */,
				41CB3C482529C8CD007E4A4B /* Frameworks */,
				41CB3C492529C8CD007E4A4B /* Resources */,
			);
			buildRules = (
			);
			dependencies = (
			);
			name = quizik;
			productName = quizik;
			productReference = 41CB3C4B2529C8CD007E4A4B /* quizik.app */;
			productType = "com.apple.product-type.application";
		};
/* End PBXNativeTarget section */

/* Begin PBXProject section */
		41CB3C432529C8CD007E4A4B /* Project object */ = {
			isa = PBXProject;
			attributes = {
				LastSwiftUpdateCheck = 1140;
				LastUpgradeCheck = 1140;
				ORGANIZATIONNAME = uvionics;
				TargetAttributes = {
					41CB3C4A2529C8CD007E4A4B = {
						CreatedOnToolsVersion = 11.4.1;
					};
				};
			};
			buildConfigurationList = 41CB3C462529C8CD007E4A4B /* Build configuration list for PBXProject "quizik" */;
			compatibilityVersion = "Xcode 9.3";
			developmentRegion = en;
			hasScannedForEncodings = 0;
			knownRegions = (
				en,
				Base,
			);
			mainGroup = 41CB3C422529C8CD007E4A4B;
			productRefGroup = 41CB3C4C2529C8CD007E4A4B /* Products */;
			projectDirPath = "";
			projectRoot = "";
			targets = (
				41CB3C4A2529C8CD007E4A4B /* quizik */,
			);
		};
/* End PBXProject section */

/* Begin PBXResourcesBuildPhase section */
		41CB3C492529C8CD007E4A4B /* Resources */ = {
			isa = PBXResourcesBuildPhase;
			buildActionMask = 2147483647;
			files = (
				41CB3C5B2529C8D2007E4A4B /* LaunchScreen.storyboard in Resources */,
				41615A43254575C800FE9E0D /* Screen Shot 2020-10-25 at 2.27.50 PM.png in Resources */,
				41F1318625507D9F00261F9F /* quizcategory_page2.png in Resources */,
				41F1318825507DB300261F9F /* quizview_page3.png in Resources */,
				41F1318425507D8100261F9F /* startquiz_page1.png in Resources */,
				41615A44254575C800FE9E0D /* Screen Shot 2020-10-25 at 2.27.08 PM.png in Resources */,
				41CB3C582529C8D2007E4A4B /* Assets.xcassets in Resources */,
				41CB3C562529C8CE007E4A4B /* Main.storyboard in Resources */,
			);
			runOnlyForDeploymentPostprocessing = 0;
		};
/* End PBXResourcesBuildPhase section */

/* Begin PBXSourcesBuildPhase section */
		41CB3C472529C8CD007E4A4B /* Sources */ = {
			isa = PBXSourcesBuildPhase;
			buildActionMask = 2147483647;
			files = (
				41817574254341A100484B13 /* Result.swift in Sources */,
				41CB3C532529C8CE007E4A4B /* QuizViewController.swift in Sources */,
				417B6D382546E5AC009F40ED /* StartPageViewController.swift in Sources */,
				41CB3C4F2529C8CE007E4A4B /* AppDelegate.swift in Sources */,
				41BF680F25444EE500F338FB /* QuizPageViewController.swift in Sources */,
				41869EBA254B341B00217034 /* OpenTriviaCategoryResponse.swift in Sources */,
				41817576254341A100484B13 /* APIClient.swift in Sources */,
				41869EBC254B379D00217034 /* QuizCategoryCollectionViewCell.swift in Sources */,
				4181757A2543457900484B13 /* NetworkManagerClass.swift in Sources */,
				41817578254341A100484B13 /* Endpoint.swift in Sources */,
				4181757C25434C4900484B13 /* QuizBloc.swift in Sources */,
				41CB3C512529C8CE007E4A4B /* SceneDelegate.swift in Sources */,
				41869EC0254B381600217034 /* QuizCategoryViewController.swift in Sources */,
				41615A462545824F00FE9E0D /* QuizPageViewControllerCell.swift in Sources */,
				4114395E25469CAA002ED3CE /* APIEndPoints.swift in Sources */,
				4172945C252B8E24004715F6 /* OpenTriviaResponse.swift in Sources */,
				41817577254341A100484B13 /* API.swift in Sources */,
				41817575254341A100484B13 /* APIError.swift in Sources */,
				4114395C254691EA002ED3CE /* QueryParameters.swift in Sources */,
			);
			runOnlyForDeploymentPostprocessing = 0;
		};
/* End PBXSourcesBuildPhase section */

/* Begin PBXVariantGroup section */
		41CB3C542529C8CE007E4A4B /* Main.storyboard */ = {
			isa = PBXVariantGroup;
			children = (
				41CB3C552529C8CE007E4A4B /* Base */,
			);
			name = Main.storyboard;
			sourceTree = "<group>";
		};
		41CB3C592529C8D2007E4A4B /* LaunchScreen.storyboard */ = {
			isa = PBXVariantGroup;
			children = (
				41CB3C5A2529C8D2007E4A4B /* Base */,
			);
			name = LaunchScreen.storyboard;
			sourceTree = "<group>";
		};
/* End PBXVariantGroup section */

/* Begin XCBuildConfiguration section */
		41CB3C5D2529C8D2007E4A4B /* Debug */ = {
			isa = XCBuildConfiguration;
			buildSettings = {
				ALWAYS_SEARCH_USER_PATHS = NO;
				CLANG_ANALYZER_NONNULL = YES;
				CLANG_ANALYZER_NUMBER_OBJECT_CONVERSION = YES_AGGRESSIVE;
				CLANG_CXX_LANGUAGE_STANDARD = "gnu++14";
				CLANG_CXX_LIBRARY = "libc++";
				CLANG_ENABLE_MODULES = YES;
				CLANG_ENABLE_OBJC_ARC = YES;
				CLANG_ENABLE_OBJC_WEAK = YES;
				CLANG_WARN_BLOCK_CAPTURE_AUTORELEASING = YES;
				CLANG_WARN_BOOL_CONVERSION = YES;
				CLANG_WARN_COMMA = YES;
				CLANG_WARN_CONSTANT_CONVERSION = YES;
				CLANG_WARN_DEPRECATED_OBJC_IMPLEMENTATIONS = YES;
				CLANG_WARN_DIRECT_OBJC_ISA_USAGE = YES_ERROR;
				CLANG_WARN_DOCUMENTATION_COMMENTS = YES;
				CLANG_WARN_EMPTY_BODY = YES;
				CLANG_WARN_ENUM_CONVERSION = YES;
				CLANG_WARN_INFINITE_RECURSION = YES;
				CLANG_WARN_INT_CONVERSION = YES;
				CLANG_WARN_NON_LITERAL_NULL_CONVERSION = YES;
				CLANG_WARN_OBJC_IMPLICIT_RETAIN_SELF = YES;
				CLANG_WARN_OBJC_LITERAL_CONVERSION = YES;
				CLANG_WARN_OBJC_ROOT_CLASS = YES_ERROR;
				CLANG_WARN_RANGE_LOOP_ANALYSIS = YES;
				CLANG_WARN_STRICT_PROTOTYPES = YES;
				CLANG_WARN_SUSPICIOUS_MOVE = YES;
				CLANG_WARN_UNGUARDED_AVAILABILITY = YES_AGGRESSIVE;
				CLANG_WARN_UNREACHABLE_CODE = YES;
				CLANG_WARN__DUPLICATE_METHOD_MATCH = YES;
				COPY_PHASE_STRIP = NO;
				DEBUG_INFORMATION_FORMAT = dwarf;
				ENABLE_STRICT_OBJC_MSGSEND = YES;
				ENABLE_TESTABILITY = YES;
				GCC_C_LANGUAGE_STANDARD = gnu11;
				GCC_DYNAMIC_NO_PIC = NO;
				GCC_NO_COMMON_BLOCKS = YES;
				GCC_OPTIMIZATION_LEVEL = 0;
				GCC_PREPROCESSOR_DEFINITIONS = (
					"DEBUG=1",
					"$(inherited)",
				);
				GCC_WARN_64_TO_32_BIT_CONVERSION = YES;
				GCC_WARN_ABOUT_RETURN_TYPE = YES_ERROR;
				GCC_WARN_UNDECLARED_SELECTOR = YES;
				GCC_WARN_UNINITIALIZED_AUTOS = YES_AGGRESSIVE;
				GCC_WARN_UNUSED_FUNCTION = YES;
				GCC_WARN_UNUSED_VARIABLE = YES;
				IPHONEOS_DEPLOYMENT_TARGET = 12.3;
				MTL_ENABLE_DEBUG_INFO = INCLUDE_SOURCE;
				MTL_FAST_MATH = YES;
				ONLY_ACTIVE_ARCH = YES;
				SDKROOT = iphoneos;
				SWIFT_ACTIVE_COMPILATION_CONDITIONS = DEBUG;
				SWIFT_OPTIMIZATION_LEVEL = "-Onone";
			};
			name = Debug;
		};
		41CB3C5E2529C8D2007E4A4B /* Release */ = {
			isa = XCBuildConfiguration;
			buildSettings = {
				ALWAYS_SEARCH_USER_PATHS = NO;
				CLANG_ANALYZER_NONNULL = YES;
				CLANG_ANALYZER_NUMBER_OBJECT_CONVERSION = YES_AGGRESSIVE;
				CLANG_CXX_LANGUAGE_STANDARD = "gnu++14";
				CLANG_CXX_LIBRARY = "libc++";
				CLANG_ENABLE_MODULES = YES;
				CLANG_ENABLE_OBJC_ARC = YES;
				CLANG_ENABLE_OBJC_WEAK = YES;
				CLANG_WARN_BLOCK_CAPTURE_AUTORELEASING = YES;
				CLANG_WARN_BOOL_CONVERSION = YES;
				CLANG_WARN_COMMA = YES;
				CLANG_WARN_CONSTANT_CONVERSION = YES;
				CLANG_WARN_DEPRECATED_OBJC_IMPLEMENTATIONS = YES;
				CLANG_WARN_DIRECT_OBJC_ISA_USAGE = YES_ERROR;
				CLANG_WARN_DOCUMENTATION_COMMENTS = YES;
				CLANG_WARN_EMPTY_BODY = YES;
				CLANG_WARN_ENUM_CONVERSION = YES;
				CLANG_WARN_INFINITE_RECURSION = YES;
				CLANG_WARN_INT_CONVERSION = YES;
				CLANG_WARN_NON_LITERAL_NULL_CONVERSION = YES;
				CLANG_WARN_OBJC_IMPLICIT_RETAIN_SELF = YES;
				CLANG_WARN_OBJC_LITERAL_CONVERSION = YES;
				CLANG_WARN_OBJC_ROOT_CLASS = YES_ERROR;
				CLANG_WARN_RANGE_LOOP_ANALYSIS = YES;
				CLANG_WARN_STRICT_PROTOTYPES = YES;
				CLANG_WARN_SUSPICIOUS_MOVE = YES;
				CLANG_WARN_UNGUARDED_AVAILABILITY = YES_AGGRESSIVE;
				CLANG_WARN_UNREACHABLE_CODE = YES;
				CLANG_WARN__DUPLICATE_METHOD_MATCH = YES;
				COPY_PHASE_STRIP = NO;
				DEBUG_INFORMATION_FORMAT = "dwarf-with-dsym";
				ENABLE_NS_ASSERTIONS = NO;
				ENABLE_STRICT_OBJC_MSGSEND = YES;
				GCC_C_LANGUAGE_STANDARD = gnu11;
				GCC_NO_COMMON_BLOCKS = YES;
				GCC_WARN_64_TO_32_BIT_CONVERSION = YES;
				GCC_WARN_ABOUT_RETURN_TYPE = YES_ERROR;
				GCC_WARN_UNDECLARED_SELECTOR = YES;
				GCC_WARN_UNINITIALIZED_AUTOS = YES_AGGRESSIVE;
				GCC_WARN_UNUSED_FUNCTION = YES;
				GCC_WARN_UNUSED_VARIABLE = YES;
				IPHONEOS_DEPLOYMENT_TARGET = 12.3;
				MTL_ENABLE_DEBUG_INFO = NO;
				MTL_FAST_MATH = YES;
				SDKROOT = iphoneos;
				SWIFT_COMPILATION_MODE = wholemodule;
				SWIFT_OPTIMIZATION_LEVEL = "-O";
				VALIDATE_PRODUCT = YES;
			};
			name = Release;
		};
		41CB3C602529C8D2007E4A4B /* Debug */ = {
			isa = XCBuildConfiguration;
			buildSettings = {
				ASSETCATALOG_COMPILER_APPICON_NAME = AppIcon;
				CODE_SIGN_STYLE = Automatic;
				DEVELOPMENT_TEAM = GTC9T5VZZY;
				INFOPLIST_FILE = quizik/Info.plist;
				IPHONEOS_DEPLOYMENT_TARGET = 12.0;
				LD_RUNPATH_SEARCH_PATHS = (
					"$(inherited)",
					"@executable_path/Frameworks",
				);
				PRODUCT_BUNDLE_IDENTIFIER = com.nothing.quizik;
				PRODUCT_NAME = quizik;
				SWIFT_VERSION = 5.0;
				TARGETED_DEVICE_FAMILY = 1;
			};
			name = Debug;
		};
		41CB3C612529C8D2007E4A4B /* Release */ = {
			isa = XCBuildConfiguration;
			buildSettings = {
				ASSETCATALOG_COMPILER_APPICON_NAME = AppIcon;
				CODE_SIGN_STYLE = Automatic;
				DEVELOPMENT_TEAM = GTC9T5VZZY;
				INFOPLIST_FILE = quizik/Info.plist;
				IPHONEOS_DEPLOYMENT_TARGET = 12.0;
				LD_RUNPATH_SEARCH_PATHS = (
					"$(inherited)",
					"@executable_path/Frameworks",
				);
				PRODUCT_BUNDLE_IDENTIFIER = com.nothing.quizik;
				PRODUCT_NAME = quizik;
				SWIFT_VERSION = 5.0;
				TARGETED_DEVICE_FAMILY = 1;
			};
			name = Release;
		};
/* End XCBuildConfiguration section */

/* Begin XCConfigurationList section */
		41CB3C462529C8CD007E4A4B /* Build configuration list for PBXProject "quizik" */ = {
			isa = XCConfigurationList;
			buildConfigurations = (
				41CB3C5D2529C8D2007E4A4B /* Debug */,
				41CB3C5E2529C8D2007E4A4B /* Release */,
			);
			defaultConfigurationIsVisible = 0;
			defaultConfigurationName = Release;
		};
		41CB3C5F2529C8D2007E4A4B /* Build configuration list for PBXNativeTarget "quizik" */ = {
			isa = XCConfigurationList;
			buildConfigurations = (
				41CB3C602529C8D2007E4A4B /* Debug */,
				41CB3C612529C8D2007E4A4B /* Release */,
			);
			defaultConfigurationIsVisible = 0;
			defaultConfigurationName = Release;
		};
/* End XCConfigurationList section */
	};
	rootObject = 41CB3C432529C8CD007E4A4B /* Project object */;
}
